{
    "name": "examples",
    "version": "1.0.0",
    "lockfileVersion": 1,
    "requires": true,
    "dependencies": {
        "docx-builder": {
            "version": "git+https://github.com/axsy-dev/docx-builder.git#b7f2b71bdfb81137f5d79e6a9f3357b131178f18",
            "dev": true,
            "requires": {
                "docxtemplater": "3.0.11",
                "jszip": "2.6.1"
            }
        },
        "docxtemplater": {
            "version": "3.0.11",
            "resolved": "https://registry.npmjs.org/docxtemplater/-/docxtemplater-3.0.11.tgz",
            "integrity": "sha1-+rX80omn5DWpWqTQTYkuuf0grSg=",
            "dev": true,
            "requires": {
                "xmldom": "0.1.27"
            }
        },
        "jszip": {
            "version": "2.6.1",
            "resolved": "https://registry.npmjs.org/jszip/-/jszip-2.6.1.tgz",
            "integrity": "sha1-uI86ey5noqBIFSmCx6N1bZxIKPA=",
            "dev": true,
            "requires": {
                "pako": "1.0.6"
            }
        },
        "pako": {
            "version": "1.0.6",
            "resolved": "https://registry.npmjs.org/pako/-/pako-1.0.6.tgz",
            "integrity": "sha512-lQe48YPsMJAig+yngZ87Lus+NF+3mtu7DVOBu6b/gHO1YpKwIj5AWjZ/TOS7i46HD/UixzWb1zeWDZfGZ3iYcg==",
            "dev": true
        },
        "xmldom": {
            "version": "0.1.27",
            "resolved": "https://registry.npmjs.org/xmldom/-/xmldom-0.1.27.tgz",
            "integrity": "sha1-1QH5ezvbQDr4757MIFcxh6rawOk=",
            "dev": true
        }
    }
}
